
Microsoft Visual Studio Solution File, Format Version 12.00
# Visual Studio Version 17
VisualStudioVersion = 17.11.34909.67
MinimumVisualStudioVersion = 10.0.40219.1
Project("{FAE04EC0-301F-11D3-BF4B-00C04F79EFBC}") = "SIMDtest", "SIMDtest\SIMDtest.csproj", "{6BA488A7-A1C0-4417-9B8D-FABF3AB36BB3}"
EndProject
Global
	GlobalSection(SolutionConfigurationPlatforms) = preSolution
		Debug|Any CPU = Debug|Any CPU
		Release|Any CPU = Release|Any CPU
	EndGlobalSection
	GlobalSection(ProjectConfigurationPlatforms) = postSolution
		{6BA488A7-A1C0-4417-9B8D-FABF3AB36BB3}.Debug|Any CPU.ActiveCfg = Debug|Any CPU
		{6BA488A7-A1C0-4417-9B8D-FABF3AB36BB3}.Debug|Any CPU.Build.0 = Debug|Any CPU
		{6BA488A7-A1C0-4417-9B8D-FABF3AB36BB3}.Release|Any CPU.ActiveCfg = Release|Any CPU
		{6BA488A7-A1C0-4417-9B8D-FABF3AB36BB3}.Release|Any CPU.Build.0 = Release|Any CPU
	EndGlobalSection
	GlobalSection(SolutionProperties) = preSolution
		HideSolutionNode = FALSE
	EndGlobalSection
	GlobalSection(ExtensibilityGlobals) = postSolution
		SolutionGuid = {6C6BEFCA-2448-4560-B3A9-FC20C193DA40}
	EndGlobalSection
EndGlobal
